
Microsoft Visual Studio Solution File, Format Version 12.00
# Visual Studio Version 16
VisualStudioVersion = 16.0.29905.134
MinimumVisualStudioVersion = 10.0.40219.1
Project("{FAE04EC0-301F-11D3-BF4B-00C04F79EFBC}") = "DAL", "DLL\DAL.csproj", "{C03212A5-92D0-4BE9-BB31-DDC06B815DB2}"
EndProject
Project("{FAE04EC0-301F-11D3-BF4B-00C04F79EFBC}") = "BLL", "BLL\BLL.csproj", "{BCA1889F-CB0A-4C9B-8C57-B3DE1A2BF5EA}"
EndProject
Project("{FAE04EC0-301F-11D3-BF4B-00C04F79EFBC}") = "Model", "Model\Model.csproj", "{C26EDB56-8E55-46D6-BB33-85F37ABA5C57}"
EndProject
Project("{FAE04EC0-301F-11D3-BF4B-00C04F79EFBC}") = "游戏点卡", "游戏点卡\游戏点卡.csproj", "{841C9B77-7205-4298-9B17-25BE4140FF9A}"
EndProject
Global
	GlobalSection(SolutionConfigurationPlatforms) = preSolution
		Debug|Any CPU = Debug|Any CPU
		Release|Any CPU = Release|Any CPU
	EndGlobalSection
	GlobalSection(ProjectConfigurationPlatforms) = postSolution
		{C03212A5-92D0-4BE9-BB31-DDC06B815DB2}.Debug|Any CPU.ActiveCfg = Debug|Any CPU
		{C03212A5-92D0-4BE9-BB31-DDC06B815DB2}.Debug|Any CPU.Build.0 = Debug|Any CPU
		{C03212A5-92D0-4BE9-BB31-DDC06B815DB2}.Release|Any CPU.ActiveCfg = Release|Any CPU
		{C03212A5-92D0-4BE9-BB31-DDC06B815DB2}.Release|Any CPU.Build.0 = Release|Any CPU
		{BCA1889F-CB0A-4C9B-8C57-B3DE1A2BF5EA}.Debug|Any CPU.ActiveCfg = Debug|Any CPU
		{BCA1889F-CB0A-4C9B-8C57-B3DE1A2BF5EA}.Debug|Any CPU.Build.0 = Debug|Any CPU
		{BCA1889F-CB0A-4C9B-8C57-B3DE1A2BF5EA}.Release|Any CPU.ActiveCfg = Release|Any CPU
		{BCA1889F-CB0A-4C9B-8C57-B3DE1A2BF5EA}.Release|Any CPU.Build.0 = Release|Any CPU
		{C26EDB56-8E55-46D6-BB33-85F37ABA5C57}.Debug|Any CPU.ActiveCfg = Debug|Any CPU
		{C26EDB56-8E55-46D6-BB33-85F37ABA5C57}.Debug|Any CPU.Build.0 = Debug|Any CPU
		{C26EDB56-8E55-46D6-BB33-85F37ABA5C57}.Release|Any CPU.ActiveCfg = Release|Any CPU
		{C26EDB56-8E55-46D6-BB33-85F37ABA5C57}.Release|Any CPU.Build.0 = Release|Any CPU
		{841C9B77-7205-4298-9B17-25BE4140FF9A}.Debug|Any CPU.ActiveCfg = Debug|Any CPU
		{841C9B77-7205-4298-9B17-25BE4140FF9A}.Debug|Any CPU.Build.0 = Debug|Any CPU
		{841C9B77-7205-4298-9B17-25BE4140FF9A}.Release|Any CPU.ActiveCfg = Release|Any CPU
		{841C9B77-7205-4298-9B17-25BE4140FF9A}.Release|Any CPU.Build.0 = Release|Any CPU
	EndGlobalSection
	GlobalSection(SolutionProperties) = preSolution
		HideSolutionNode = FALSE
	EndGlobalSection
	GlobalSection(ExtensibilityGlobals) = postSolution
		SolutionGuid = {7C216B2D-6060-4ED8-8DED-A3A2ED723505}
	EndGlobalSection
EndGlobal
